
Microsoft Visual Studio Solution File, Format Version 12.00
# Visual Studio Version 17
VisualStudioVersion = 17.4.33213.308
MinimumVisualStudioVersion = 10.0.40219.1
Project("{FAE04EC0-301F-11D3-BF4B-00C04F79EFBC}") = "U1_1Dibujos", "U1_1Dibujos\U1_1Dibujos.csproj", "{7AA0E1F6-FA65-473B-9CBF-D93CBFF00E42}"
EndProject
Global
	GlobalSection(SolutionConfigurationPlatforms) = preSolution
		Debug|Any CPU = Debug|Any CPU
		Release|Any CPU = Release|Any CPU
	EndGlobalSection
	GlobalSection(ProjectConfigurationPlatforms) = postSolution
		{7AA0E1F6-FA65-473B-9CBF-D93CBFF00E42}.Debug|Any CPU.ActiveCfg = Debug|Any CPU
		{7AA0E1F6-FA65-473B-9CBF-D93CBFF00E42}.Debug|Any CPU.Build.0 = Debug|Any CPU
		{7AA0E1F6-FA65-473B-9CBF-D93CBFF00E42}.Release|Any CPU.ActiveCfg = Release|Any CPU
		{7AA0E1F6-FA65-473B-9CBF-D93CBFF00E42}.Release|Any CPU.Build.0 = Release|Any CPU
	EndGlobalSection
	GlobalSection(SolutionProperties) = preSolution
		HideSolutionNode = FALSE
	EndGlobalSection
	GlobalSection(ExtensibilityGlobals) = postSolution
		SolutionGuid = {2906DC9D-5970-4A32-8AD9-5D26A8888F11}
	EndGlobalSection
EndGlobal
